
Microsoft Visual Studio Solution File, Format Version 12.00
# Visual Studio Version 17
VisualStudioVersion = 17.1.32104.313
MinimumVisualStudioVersion = 10.0.40219.1
Project("{FAE04EC0-301F-11D3-BF4B-00C04F79EFBC}") = "ourinv.WebAPI", "ourinv.WebAPI\ourinv.WebAPI.csproj", "{727CD37B-BCD2-4190-9FBF-3E1B97C7530A}"
EndProject
Global
	GlobalSection(SolutionConfigurationPlatforms) = preSolution
		Debug|Any CPU = Debug|Any CPU
		Release|Any CPU = Release|Any CPU
	EndGlobalSection
	GlobalSection(ProjectConfigurationPlatforms) = postSolution
		{727CD37B-BCD2-4190-9FBF-3E1B97C7530A}.Debug|Any CPU.ActiveCfg = Debug|Any CPU
		{727CD37B-BCD2-4190-9FBF-3E1B97C7530A}.Debug|Any CPU.Build.0 = Debug|Any CPU
		{727CD37B-BCD2-4190-9FBF-3E1B97C7530A}.Release|Any CPU.ActiveCfg = Release|Any CPU
		{727CD37B-BCD2-4190-9FBF-3E1B97C7530A}.Release|Any CPU.Build.0 = Release|Any CPU
	EndGlobalSection
	GlobalSection(SolutionProperties) = preSolution
		HideSolutionNode = FALSE
	EndGlobalSection
	GlobalSection(ExtensibilityGlobals) = postSolution
		SolutionGuid = {2DFAADC8-1321-4286-A238-2D98226434EC}
	EndGlobalSection
EndGlobal
